
Microsoft Visual Studio Solution File, Format Version 12.00
# Visual Studio 15
VisualStudioVersion = 15.0.28307.705
MinimumVisualStudioVersion = 10.0.40219.1
Project("{FAE04EC0-301F-11D3-BF4B-00C04F79EFBC}") = "XML Creator", "XML Creator\XML Creator.csproj", "{B3E0BD8E-2EDE-4CCB-8F50-8901BF7821E5}"
EndProject
Global
	GlobalSection(SolutionConfigurationPlatforms) = preSolution
		Debug|Any CPU = Debug|Any CPU
		Release|Any CPU = Release|Any CPU
	EndGlobalSection
	GlobalSection(ProjectConfigurationPlatforms) = postSolution
		{B3E0BD8E-2EDE-4CCB-8F50-8901BF7821E5}.Debug|Any CPU.ActiveCfg = Debug|Any CPU
		{B3E0BD8E-2EDE-4CCB-8F50-8901BF7821E5}.Debug|Any CPU.Build.0 = Debug|Any CPU
		{B3E0BD8E-2EDE-4CCB-8F50-8901BF7821E5}.Release|Any CPU.ActiveCfg = Release|Any CPU
		{B3E0BD8E-2EDE-4CCB-8F50-8901BF7821E5}.Release|Any CPU.Build.0 = Release|Any CPU
	EndGlobalSection
	GlobalSection(SolutionProperties) = preSolution
		HideSolutionNode = FALSE
	EndGlobalSection
	GlobalSection(ExtensibilityGlobals) = postSolution
		SolutionGuid = {2A48BAA0-4917-45E8-AF4E-105C2E15994F}
	EndGlobalSection
EndGlobal
